
Microsoft Visual Studio Solution File, Format Version 12.00
# Visual Studio Version 17
VisualStudioVersion = 17.0.32112.339
MinimumVisualStudioVersion = 10.0.40219.1
Project("{9A19103F-16F7-4668-BE54-9A1E7A4F7556}") = "BlazorWebUI", "Budget Estimates Management System\BlazorWebUI.csproj", "{3AA62030-163D-4182-9CAC-5F6BD0221EC8}"
EndProject
Project("{9A19103F-16F7-4668-BE54-9A1E7A4F7556}") = "DataAccessLibrary", "DataAccess\DataAccessLibrary.csproj", "{D6906DE4-9413-4C26-B750-F67D2717919B}"
EndProject
Project("{9A19103F-16F7-4668-BE54-9A1E7A4F7556}") = "MessageCenterLibrary", "MessageCenter\MessageCenterLibrary.csproj", "{6D562C0D-A6EB-4752-AE2A-1A4703B47E6D}"
EndProject
Project("{9A19103F-16F7-4668-BE54-9A1E7A4F7556}") = "BEMSLogicLibrary", "BEMSLogicLibrary\BEMSLogicLibrary.csproj", "{8C80742C-E7CA-4D53-934D-17AE4B22E94C}"
EndProject
Global
	GlobalSection(SolutionConfigurationPlatforms) = preSolution
		Debug|Any CPU = Debug|Any CPU
		Release|Any CPU = Release|Any CPU
	EndGlobalSection
	GlobalSection(ProjectConfigurationPlatforms) = postSolution
		{3AA62030-163D-4182-9CAC-5F6BD0221EC8}.Debug|Any CPU.ActiveCfg = Debug|Any CPU
		{3AA62030-163D-4182-9CAC-5F6BD0221EC8}.Debug|Any CPU.Build.0 = Debug|Any CPU
		{3AA62030-163D-4182-9CAC-5F6BD0221EC8}.Release|Any CPU.ActiveCfg = Release|Any CPU
		{3AA62030-163D-4182-9CAC-5F6BD0221EC8}.Release|Any CPU.Build.0 = Release|Any CPU
		{D6906DE4-9413-4C26-B750-F67D2717919B}.Debug|Any CPU.ActiveCfg = Debug|Any CPU
		{D6906DE4-9413-4C26-B750-F67D2717919B}.Debug|Any CPU.Build.0 = Debug|Any CPU
		{D6906DE4-9413-4C26-B750-F67D2717919B}.Release|Any CPU.ActiveCfg = Release|Any CPU
		{D6906DE4-9413-4C26-B750-F67D2717919B}.Release|Any CPU.Build.0 = Release|Any CPU
		{6D562C0D-A6EB-4752-AE2A-1A4703B47E6D}.Debug|Any CPU.ActiveCfg = Debug|Any CPU
		{6D562C0D-A6EB-4752-AE2A-1A4703B47E6D}.Debug|Any CPU.Build.0 = Debug|Any CPU
		{6D562C0D-A6EB-4752-AE2A-1A4703B47E6D}.Release|Any CPU.ActiveCfg = Release|Any CPU
		{6D562C0D-A6EB-4752-AE2A-1A4703B47E6D}.Release|Any CPU.Build.0 = Release|Any CPU
		{8C80742C-E7CA-4D53-934D-17AE4B22E94C}.Debug|Any CPU.ActiveCfg = Debug|Any CPU
		{8C80742C-E7CA-4D53-934D-17AE4B22E94C}.Debug|Any CPU.Build.0 = Debug|Any CPU
		{8C80742C-E7CA-4D53-934D-17AE4B22E94C}.Release|Any CPU.ActiveCfg = Release|Any CPU
		{8C80742C-E7CA-4D53-934D-17AE4B22E94C}.Release|Any CPU.Build.0 = Release|Any CPU
	EndGlobalSection
	GlobalSection(SolutionProperties) = preSolution
		HideSolutionNode = FALSE
	EndGlobalSection
	GlobalSection(ExtensibilityGlobals) = postSolution
		SolutionGuid = {679CB11B-7118-43F0-AF93-B6A13DC410D4}
	EndGlobalSection
EndGlobal
